{
  "name": "@fgcli/init",
  "version": "1.0.0",
  "lockfileVersion": 2,
  "requires": true,
  "packages": {
    "": {
      "name": "@fgcli/init",
      "version": "1.0.0",
      "license": "ISC",
      "dependencies": {
        "npminstall": "^6.5.1",
        "user-home": "^3.0.0"
      }
    },
    "../../node_modules/.pnpm/registry.npmmirror.com+commander@9.4.0/node_modules/commander": {
      "version": "9.4.0",
      "extraneous": true,
      "license": "MIT",
      "devDependencies": {
        "@types/jest": "^28.1.4",
        "@types/node": "^16.11.15",
        "@typescript-eslint/eslint-plugin": "^5.30.6",
        "@typescript-eslint/parser": "^5.30.6",
        "eslint": "^8.19.0",
        "eslint-config-standard": "^17.0.0",
        "eslint-config-standard-with-typescript": "^22.0.0",
        "eslint-plugin-import": "^2.25.3",
        "eslint-plugin-jest": "^26.5.3",
        "eslint-plugin-n": "^15.2.4",
        "eslint-plugin-promise": "^6.0.0",
        "jest": "^28.1.2",
        "ts-jest": "^28.0.5",
        "tsd": "^0.22.0",
        "typescript": "^4.7.4"
      },
      "engines": {
        "node": "^12.20.0 || >=14"
      }
    },
    "../../node_modules/.pnpm/registry.npmmirror.com+fs-extra@10.1.0/node_modules/fs-extra": {
      "version": "10.1.0",
      "extraneous": true,
      "license": "MIT",
      "dependencies": {
        "graceful-fs": "^4.2.0",
        "jsonfile": "^6.0.1",
        "universalify": "^2.0.0"
      },
      "devDependencies": {
        "at-least-node": "^1.0.0",
        "klaw": "^2.1.1",
        "klaw-sync": "^3.0.2",
        "minimist": "^1.1.1",
        "mocha": "^5.0.5",
        "nyc": "^15.0.0",
        "proxyquire": "^2.0.1",
        "read-dir-files": "^0.1.1",
        "standard": "^16.0.3"
      },
      "engines": {
        "node": ">=12"
      }
    },
    "../../node_modules/.pnpm/registry.npmmirror.com+npminstall@6.5.1/node_modules/npminstall": {
      "version": "6.5.1",
      "license": "MIT",
      "dependencies": {
        "await-event": "^2.1.0",
        "bin-links": "^2.3.0",
        "binary-mirror-config": "^1.19.0",
        "bytes": "^3.1.0",
        "chalk": "^2.4.2",
        "cmd-shim-hotfix": "^3.0.3",
        "debug": "^4.1.1",
        "destroy": "^1.0.4",
        "detect-libc": "^2.0.1",
        "fs-extra": "^7.0.1",
        "minimatch": "^3.0.4",
        "minimist": "^1.2.0",
        "moment": "^2.24.0",
        "ms": "^2.1.1",
        "node-gyp": "^9.0.0",
        "node-homedir": "^1.1.1",
        "normalize-package-data": "^2.5.0",
        "npm-normalize-package-bin": "^1.0.1",
        "npm-package-arg": "^8.1.5",
        "ora": "^4.0.5",
        "p-map": "^2.1.0",
        "pacote": "^13.0.0",
        "runscript": "^1.3.0",
        "semver": "^6.0.0",
        "tar": "^4.4.8",
        "urllib": "^3.0.3",
        "utility": "^1.16.1"
      },
      "bin": {
        "npminstall": "bin/install.js",
        "npmlink": "bin/link.js",
        "npmuninstall": "bin/uninstall.js",
        "npmupdate": "bin/update.js"
      },
      "devDependencies": {
        "coffee": "5",
        "egg-bin": "5",
        "eslint": "8",
        "eslint-config-egg": "12",
        "git-contributor": "1",
        "mm": "3"
      },
      "engines": {
        "node": ">=14.0.0"
      }
    },
    "../../node_modules/.pnpm/registry.npmmirror.com+user-home@3.0.0/node_modules/user-home": {
      "version": "3.0.0",
      "license": "MIT",
      "dependencies": {
        "os-homedir": "^1.0.0"
      },
      "devDependencies": {
        "ava": "*",
        "path-exists": "^2.0.0"
      },
      "engines": {
        "node": ">=0.10.0"
      }
    },
    "../core": {
      "version": "1.0.0",
      "extraneous": true,
      "license": "ISC",
      "dependencies": {
        "@fgcli/init": "workspace:^1.0.0",
        "commander": "^9.4.0"
      }
    },
    "node_modules/npminstall": {
      "resolved": "../../node_modules/.pnpm/registry.npmmirror.com+npminstall@6.5.1/node_modules/npminstall",
      "link": true
    },
    "node_modules/user-home": {
      "resolved": "../../node_modules/.pnpm/registry.npmmirror.com+user-home@3.0.0/node_modules/user-home",
      "link": true
    }
  },
  "dependencies": {
    "npminstall": {
      "version": "file:../../node_modules/.pnpm/registry.npmmirror.com+npminstall@6.5.1/node_modules/npminstall",
      "requires": {
        "await-event": "^2.1.0",
        "bin-links": "^2.3.0",
        "binary-mirror-config": "^1.19.0",
        "bytes": "^3.1.0",
        "chalk": "^2.4.2",
        "cmd-shim-hotfix": "^3.0.3",
        "coffee": "5",
        "debug": "^4.1.1",
        "destroy": "^1.0.4",
        "detect-libc": "^2.0.1",
        "egg-bin": "5",
        "eslint": "8",
        "eslint-config-egg": "12",
        "fs-extra": "^7.0.1",
        "git-contributor": "1",
        "minimatch": "^3.0.4",
        "minimist": "^1.2.0",
        "mm": "3",
        "moment": "^2.24.0",
        "ms": "^2.1.1",
        "node-gyp": "^9.0.0",
        "node-homedir": "^1.1.1",
        "normalize-package-data": "^2.5.0",
        "npm-normalize-package-bin": "^1.0.1",
        "npm-package-arg": "^8.1.5",
        "ora": "^4.0.5",
        "p-map": "^2.1.0",
        "pacote": "^13.0.0",
        "runscript": "^1.3.0",
        "semver": "^6.0.0",
        "tar": "^4.4.8",
        "urllib": "^3.0.3",
        "utility": "^1.16.1"
      }
    },
    "user-home": {
      "version": "file:../../node_modules/.pnpm/registry.npmmirror.com+user-home@3.0.0/node_modules/user-home",
      "requires": {
        "ava": "*",
        "os-homedir": "^1.0.0",
        "path-exists": "^2.0.0"
      }
    }
  }
}
